
Microsoft Visual Studio Solution File, Format Version 12.00
# Visual Studio Version 16
VisualStudioVersion = 16.0.30413.136
MinimumVisualStudioVersion = 10.0.40219.1
Project("{FAE04EC0-301F-11D3-BF4B-00C04F79EFBC}") = "Obolonskih WORK", "Obolonskih WORK\Obolonskih WORK.csproj", "{BDFBE8C7-1CE9-4444-A1FD-4F91E2CED34F}"
EndProject
Global
	GlobalSection(SolutionConfigurationPlatforms) = preSolution
		Debug|Any CPU = Debug|Any CPU
		Release|Any CPU = Release|Any CPU
	EndGlobalSection
	GlobalSection(ProjectConfigurationPlatforms) = postSolution
		{BDFBE8C7-1CE9-4444-A1FD-4F91E2CED34F}.Debug|Any CPU.ActiveCfg = Debug|Any CPU
		{BDFBE8C7-1CE9-4444-A1FD-4F91E2CED34F}.Debug|Any CPU.Build.0 = Debug|Any CPU
		{BDFBE8C7-1CE9-4444-A1FD-4F91E2CED34F}.Release|Any CPU.ActiveCfg = Release|Any CPU
		{BDFBE8C7-1CE9-4444-A1FD-4F91E2CED34F}.Release|Any CPU.Build.0 = Release|Any CPU
	EndGlobalSection
	GlobalSection(SolutionProperties) = preSolution
		HideSolutionNode = FALSE
	EndGlobalSection
	GlobalSection(ExtensibilityGlobals) = postSolution
		SolutionGuid = {E4521E9E-F0B5-48BE-BDAA-E23B1A8428FD}
	EndGlobalSection
EndGlobal
